
Microsoft Visual Studio Solution File, Format Version 12.00
# Visual Studio Version 17
VisualStudioVersion = 17.11.35303.130
MinimumVisualStudioVersion = 10.0.40219.1
Project("{9A19103F-16F7-4668-BE54-9A1E7A4F7556}") = "API", "API\API.csproj", "{1939F4C4-BB3B-45A2-AAA5-92BD672D1343}"
EndProject
Project("{9A19103F-16F7-4668-BE54-9A1E7A4F7556}") = "Database", "Database\Database.csproj", "{C2303AFD-5CC0-4663-912A-619BCD4E574C}"
EndProject
Project("{9A19103F-16F7-4668-BE54-9A1E7A4F7556}") = "Blazor", "Blazor\Blazor.csproj", "{DDCEB7EB-1FC0-4184-AF6A-0D4A5D612979}"
EndProject
Global
	GlobalSection(SolutionConfigurationPlatforms) = preSolution
		Debug|Any CPU = Debug|Any CPU
		Release|Any CPU = Release|Any CPU
	EndGlobalSection
	GlobalSection(ProjectConfigurationPlatforms) = postSolution
		{1939F4C4-BB3B-45A2-AAA5-92BD672D1343}.Debug|Any CPU.ActiveCfg = Debug|Any CPU
		{1939F4C4-BB3B-45A2-AAA5-92BD672D1343}.Debug|Any CPU.Build.0 = Debug|Any CPU
		{1939F4C4-BB3B-45A2-AAA5-92BD672D1343}.Release|Any CPU.ActiveCfg = Release|Any CPU
		{1939F4C4-BB3B-45A2-AAA5-92BD672D1343}.Release|Any CPU.Build.0 = Release|Any CPU
		{C2303AFD-5CC0-4663-912A-619BCD4E574C}.Debug|Any CPU.ActiveCfg = Debug|Any CPU
		{C2303AFD-5CC0-4663-912A-619BCD4E574C}.Debug|Any CPU.Build.0 = Debug|Any CPU
		{C2303AFD-5CC0-4663-912A-619BCD4E574C}.Release|Any CPU.ActiveCfg = Release|Any CPU
		{C2303AFD-5CC0-4663-912A-619BCD4E574C}.Release|Any CPU.Build.0 = Release|Any CPU
		{DDCEB7EB-1FC0-4184-AF6A-0D4A5D612979}.Debug|Any CPU.ActiveCfg = Debug|Any CPU
		{DDCEB7EB-1FC0-4184-AF6A-0D4A5D612979}.Debug|Any CPU.Build.0 = Debug|Any CPU
		{DDCEB7EB-1FC0-4184-AF6A-0D4A5D612979}.Release|Any CPU.ActiveCfg = Release|Any CPU
		{DDCEB7EB-1FC0-4184-AF6A-0D4A5D612979}.Release|Any CPU.Build.0 = Release|Any CPU
	EndGlobalSection
	GlobalSection(SolutionProperties) = preSolution
		HideSolutionNode = FALSE
	EndGlobalSection
	GlobalSection(ExtensibilityGlobals) = postSolution
		SolutionGuid = {0D5D8AFF-EE31-4FE5-AA26-6C9C8AEA8B18}
	EndGlobalSection
EndGlobal
